<?xml version="1.0" encoding="utf-8"?>
<Project ToolsVersion="4.0" xmlns="http://schemas.microsoft.com/developer/msbuild/2003">
  <ItemGroup>
    <Filter Include="Database">
      <UniqueIdentifier>{a1000001-0000-4000-8000-000000000001}</UniqueIdentifier>
    </Filter>
    <Filter Include="Core">
      <UniqueIdentifier>{a1000002-0000-4000-8000-000000000002}</UniqueIdentifier>
    </Filter>
    <Filter Include="Crypto">
      <UniqueIdentifier>{a1000003-0000-4000-8000-000000000003}</UniqueIdentifier>
    </Filter>
    <Filter Include="Discord">
      <UniqueIdentifier>{a1000004-0000-4000-8000-000000000004}</UniqueIdentifier>
    </Filter>
    <Filter Include="Network">
      <UniqueIdentifier>{a1000005-0000-4000-8000-000000000005}</UniqueIdentifier>
    </Filter>
    <Filter Include="Character">
      <UniqueIdentifier>{a1000006-0000-4000-8000-000000000006}</UniqueIdentifier>
    </Filter>
    <Filter Include="Item">
      <UniqueIdentifier>{a1000007-0000-4000-8000-000000000007}</UniqueIdentifier>
    </Filter>
    <Filter Include="Inventory">
      <UniqueIdentifier>{a1000008-0000-4000-8000-000000000008}</UniqueIdentifier>
    </Filter>
    <Filter Include="Skill">
      <UniqueIdentifier>{a1000009-0000-4000-8000-000000000009}</UniqueIdentifier>
    </Filter>
    <Filter Include="NPC">
      <UniqueIdentifier>{a100000a-0000-4000-8000-00000000000a}</UniqueIdentifier>
    </Filter>
    <Filter Include="World">
      <UniqueIdentifier>{a100000b-0000-4000-8000-00000000000b}</UniqueIdentifier>
    </Filter>
    <Filter Include="Audio">
      <UniqueIdentifier>{a100000c-0000-4000-8000-00000000000c}</UniqueIdentifier>
    </Filter>
    <Filter Include="Effect">
      <UniqueIdentifier>{a100000d-0000-4000-8000-00000000000d}</UniqueIdentifier>
    </Filter>
    <Filter Include="Mount">
      <UniqueIdentifier>{a100000e-0000-4000-8000-00000000000e}</UniqueIdentifier>
    </Filter>
    <Filter Include="Progression">
      <UniqueIdentifier>{a100000f-0000-4000-8000-00000000000f}</UniqueIdentifier>
    </Filter>
    <Filter Include="Localization">
      <UniqueIdentifier>{a1000010-0000-4000-8000-000000000010}</UniqueIdentifier>
    </Filter>
    <Filter Include="Server">
      <UniqueIdentifier>{a1000011-0000-4000-8000-000000000011}</UniqueIdentifier>
    </Filter>
    <Filter Include="Misc">
      <UniqueIdentifier>{a1000012-0000-4000-8000-000000000012}</UniqueIdentifier>
    </Filter>
    <Filter Include="ThirdParty">
      <UniqueIdentifier>{a1000013-0000-4000-8000-000000000013}</UniqueIdentifier>
    </Filter>
  </ItemGroup>
  <ItemGroup>
    <ClCompile Include="src\stdafx.cpp" />
    <ClCompile Include="src\Crypto\Blake2s.cpp">
      <Filter>Crypto</Filter>
    </ClCompile>
    <ClCompile Include="src\Database\AssetDatabase.cpp">
      <Filter>Database</Filter>
    </ClCompile>
    <ClCompile Include="src\Database\RenderAssetDatabase.cpp">
      <Filter>Database</Filter>
    </ClCompile>
    <ClCompile Include="src\Database\SqliteDatabase.cpp">
      <Filter>Database</Filter>
    </ClCompile>
    <ClCompile Include="src\Core\CommFunc.cpp">
      <Filter>Core</Filter>
    </ClCompile>
    <ClCompile Include="src\Core\StringLib.cpp">
      <Filter>Core</Filter>
    </ClCompile>
    <ClCompile Include="src\Character\ChaAttr.cpp">
      <Filter>Character</Filter>
    </ClCompile>
    <ClCompile Include="src\Character\ChaCreateRecordStore.cpp">
      <Filter>Character</Filter>
    </ClCompile>
    <ClCompile Include="src\Character\ChaMask.cpp">
      <Filter>Character</Filter>
    </ClCompile>
    <ClCompile Include="src\Character\ChaNameFilterStore.cpp">
      <Filter>Character</Filter>
    </ClCompile>
    <ClCompile Include="src\Character\ChaRecordStore.cpp">
      <Filter>Character</Filter>
    </ClCompile>
    <ClCompile Include="src\Character\CharacterActionStore.cpp">
      <Filter>Character</Filter>
    </ClCompile>
    <ClCompile Include="src\Character\CharacterModelStore.cpp">
      <Filter>Character</Filter>
    </ClCompile>
    <ClCompile Include="src\Character\CharacterRecord.cpp">
      <Filter>Character</Filter>
    </ClCompile>
    <ClCompile Include="src\Character\HairRecord.cpp">
      <Filter>Character</Filter>
    </ClCompile>
    <ClCompile Include="src\Character\HairRecordStore.cpp">
      <Filter>Character</Filter>
    </ClCompile>
    <ClCompile Include="src\Character\PoseRecordStore.cpp">
      <Filter>Character</Filter>
    </ClCompile>
    <ClCompile Include="src\Item\ForgeRecordStore.cpp">
      <Filter>Item</Filter>
    </ClCompile>
    <ClCompile Include="src\Item\ItemAttr.cpp">
      <Filter>Item</Filter>
    </ClCompile>
    <ClCompile Include="src\Item\ItemContent.cpp">
      <Filter>Item</Filter>
    </ClCompile>
    <ClCompile Include="src\Item\ItemLitStore.cpp">
      <Filter>Item</Filter>
    </ClCompile>
    <ClCompile Include="src\Item\ItemPreRecordStore.cpp">
      <Filter>Item</Filter>
    </ClCompile>
    <ClCompile Include="src\Item\ItemRecord.cpp">
      <Filter>Item</Filter>
    </ClCompile>
    <ClCompile Include="src\Item\ItemRecordStore.cpp">
      <Filter>Item</Filter>
    </ClCompile>
    <ClCompile Include="src\Item\ItemRefineEffectRecordStore.cpp">
      <Filter>Item</Filter>
    </ClCompile>
    <ClCompile Include="src\Item\ItemRefineRecordStore.cpp">
      <Filter>Item</Filter>
    </ClCompile>
    <ClCompile Include="src\Item\ItemTypeRecordStore.cpp">
      <Filter>Item</Filter>
    </ClCompile>
    <ClCompile Include="src\Item\StoneRecordStore.cpp">
      <Filter>Item</Filter>
    </ClCompile>
    <ClCompile Include="src\Inventory\JobEquipRecordStore.cpp">
      <Filter>Inventory</Filter>
    </ClCompile>
    <ClCompile Include="src\Inventory\Kitbag.cpp">
      <Filter>Inventory</Filter>
    </ClCompile>
    <ClCompile Include="src\Inventory\KitbagMsgpack.cpp">
      <Filter>Inventory</Filter>
    </ClCompile>
    <ClCompile Include="src\Skill\ElfSkillRecordStore.cpp">
      <Filter>Skill</Filter>
    </ClCompile>
    <ClCompile Include="src\Skill\SkillRecord.cpp">
      <Filter>Skill</Filter>
    </ClCompile>
    <ClCompile Include="src\Skill\SkillRecordStore.cpp">
      <Filter>Skill</Filter>
    </ClCompile>
    <ClCompile Include="src\Skill\SkillStateRecord.cpp">
      <Filter>Skill</Filter>
    </ClCompile>
    <ClCompile Include="src\Skill\SkillStateRecordStore.cpp">
      <Filter>Skill</Filter>
    </ClCompile>
    <ClCompile Include="src\NPC\MonRefRecordStore.cpp">
      <Filter>NPC</Filter>
    </ClCompile>
    <ClCompile Include="src\NPC\MonsterInfoRecordStore.cpp">
      <Filter>NPC</Filter>
    </ClCompile>
    <ClCompile Include="src\NPC\MonsterListRecordStore.cpp">
      <Filter>NPC</Filter>
    </ClCompile>
    <ClCompile Include="src\NPC\NPCListRecordStore.cpp">
      <Filter>NPC</Filter>
    </ClCompile>
    <ClCompile Include="src\NPC\NpcRecordStore.cpp">
      <Filter>NPC</Filter>
    </ClCompile>
    <ClCompile Include="src\World\AnimatedLightStore.cpp">
      <Filter>World</Filter>
    </ClCompile>
    <ClCompile Include="src\World\AreaRecordStore.cpp">
      <Filter>World</Filter>
    </ClCompile>
    <ClCompile Include="src\World\EventRecord.cpp">
      <Filter>World</Filter>
    </ClCompile>
    <ClCompile Include="src\World\EventRecordStore.cpp">
      <Filter>World</Filter>
    </ClCompile>
    <ClCompile Include="src\World\MapRecordStore.cpp">
      <Filter>World</Filter>
    </ClCompile>
    <ClCompile Include="src\World\SceneObjRecordStore.cpp">
      <Filter>World</Filter>
    </ClCompile>
    <ClCompile Include="src\World\ShadeRecordStore.cpp">
      <Filter>World</Filter>
    </ClCompile>
    <ClCompile Include="src\World\SwitchMapRecordStore.cpp">
      <Filter>World</Filter>
    </ClCompile>
    <ClCompile Include="src\World\TerrainAttrib.cpp">
      <Filter>World</Filter>
    </ClCompile>
    <ClCompile Include="src\World\TerrainRecordStore.cpp">
      <Filter>World</Filter>
    </ClCompile>
    <ClCompile Include="src\Audio\EventSoundRecordStore.cpp">
      <Filter>Audio</Filter>
    </ClCompile>
    <ClCompile Include="src\Audio\MusicRecordStore.cpp">
      <Filter>Audio</Filter>
    </ClCompile>
    <ClCompile Include="src\Effect\EffParamRecordStore.cpp">
      <Filter>Effect</Filter>
    </ClCompile>
    <ClCompile Include="src\Effect\EffectRecordStore.cpp">
      <Filter>Effect</Filter>
    </ClCompile>
    <ClCompile Include="src\Mount\MountRecordStore.cpp">
      <Filter>Mount</Filter>
    </ClCompile>
    <ClCompile Include="src\Mount\ShipPartRecordStore.cpp">
      <Filter>Mount</Filter>
    </ClCompile>
    <ClCompile Include="src\Mount\ShipRecordStore.cpp">
      <Filter>Mount</Filter>
    </ClCompile>
    <ClCompile Include="src\Progression\LevelRecord.cpp">
      <Filter>Progression</Filter>
    </ClCompile>
    <ClCompile Include="src\Progression\LevelRecordStore.cpp">
      <Filter>Progression</Filter>
    </ClCompile>
    <ClCompile Include="src\Progression\LifeLvRecord.cpp">
      <Filter>Progression</Filter>
    </ClCompile>
    <ClCompile Include="src\Progression\LifeLvRecordStore.cpp">
      <Filter>Progression</Filter>
    </ClCompile>
    <ClCompile Include="src\Progression\SailLvRecord.cpp">
      <Filter>Progression</Filter>
    </ClCompile>
    <ClCompile Include="src\Progression\SailLvRecordStore.cpp">
      <Filter>Progression</Filter>
    </ClCompile>
    <ClCompile Include="src\Localization\ChatIconRecordStore.cpp">
      <Filter>Localization</Filter>
    </ClCompile>
    <ClCompile Include="src\Localization\HelpEntryStore.cpp">
      <Filter>Localization</Filter>
    </ClCompile>
    <ClCompile Include="src\Localization\LanguageRecordStore.cpp">
      <Filter>Localization</Filter>
    </ClCompile>
    <ClCompile Include="src\Localization\LitEntryStore.cpp">
      <Filter>Localization</Filter>
    </ClCompile>
    <ClCompile Include="src\Localization\NotifyRecordStore.cpp">
      <Filter>Localization</Filter>
    </ClCompile>
    <ClCompile Include="src\Server\ServerRecordStore.cpp">
      <Filter>Server</Filter>
    </ClCompile>
    <ClCompile Include="src\Misc\GroupParamRecordStore.cpp">
      <Filter>Misc</Filter>
    </ClCompile>
    <ClCompile Include="src\Misc\ResourceRecordStore.cpp">
      <Filter>Misc</Filter>
    </ClCompile>
    <ClCompile Include="..\sqlite3\sqlite3.c">
      <Filter>ThirdParty</Filter>
    </ClCompile>
  </ItemGroup>
  <ItemGroup>
    <ClInclude Include="src\stdafx.h" />
    <ClInclude Include="include\Database\AssetDatabase.h">
      <Filter>Database</Filter>
    </ClInclude>
    <ClInclude Include="include\Database\GameRecordset.h">
      <Filter>Database</Filter>
    </ClInclude>
    <ClInclude Include="include\Database\RenderAssetDatabase.h">
      <Filter>Database</Filter>
    </ClInclude>
    <ClInclude Include="include\Database\SqliteDatabase.h">
      <Filter>Database</Filter>
    </ClInclude>
    <ClInclude Include="include\Database\TableData.h">
      <Filter>Database</Filter>
    </ClInclude>
    <ClInclude Include="include\Core\CommFunc.h">
      <Filter>Core</Filter>
    </ClInclude>
    <ClInclude Include="include\Core\GameCommon.h">
      <Filter>Core</Filter>
    </ClInclude>
    <ClInclude Include="include\Core\JobType.h">
      <Filter>Core</Filter>
    </ClInclude>
    <ClInclude Include="include\Core\RoleCommon.h">
      <Filter>Core</Filter>
    </ClInclude>
    <ClInclude Include="include\Core\StringLib.h">
      <Filter>Core</Filter>
    </ClInclude>
    <ClInclude Include="include\Core\ToolClass.h">
      <Filter>Core</Filter>
    </ClInclude>
    <ClInclude Include="include\Core\i18n.h">
      <Filter>Core</Filter>
    </ClInclude>
    <ClInclude Include="include\Crypto\Blake2s.h">
      <Filter>Crypto</Filter>
    </ClInclude>
    <ClInclude Include="include\Discord\discord_register.h">
      <Filter>Discord</Filter>
    </ClInclude>
    <ClInclude Include="include\Discord\discord_rpc.h">
      <Filter>Discord</Filter>
    </ClInclude>
    <ClInclude Include="include\Network\CompCommand.h">
      <Filter>Network</Filter>
    </ClInclude>
    <ClInclude Include="include\Network\NetCommand.h">
      <Filter>Network</Filter>
    </ClInclude>
    <ClInclude Include="include\Network\NetRetCode.h">
      <Filter>Network</Filter>
    </ClInclude>
    <ClInclude Include="include\Character\ChaAction.h">
      <Filter>Character</Filter>
    </ClInclude>
    <ClInclude Include="include\Character\ChaAttr.h">
      <Filter>Character</Filter>
    </ClInclude>
    <ClInclude Include="include\Character\ChaAttrType.h">
      <Filter>Character</Filter>
    </ClInclude>
    <ClInclude Include="include\Character\ChaCreateRecord.h">
      <Filter>Character</Filter>
    </ClInclude>
    <ClInclude Include="include\Character\ChaCreateRecordStore.h">
      <Filter>Character</Filter>
    </ClInclude>
    <ClInclude Include="include\Character\ChaMask.h">
      <Filter>Character</Filter>
    </ClInclude>
    <ClInclude Include="include\Character\ChaNameFilterRecord.h">
      <Filter>Character</Filter>
    </ClInclude>
    <ClInclude Include="include\Character\ChaNameFilterStore.h">
      <Filter>Character</Filter>
    </ClInclude>
    <ClInclude Include="include\Character\ChaRecordStore.h">
      <Filter>Character</Filter>
    </ClInclude>
    <ClInclude Include="include\Character\CharacterActionRecord.h">
      <Filter>Character</Filter>
    </ClInclude>
    <ClInclude Include="include\Character\CharacterActionStore.h">
      <Filter>Character</Filter>
    </ClInclude>
    <ClInclude Include="include\Character\CharacterModelRecord.h">
      <Filter>Character</Filter>
    </ClInclude>
    <ClInclude Include="include\Character\CharacterModelStore.h">
      <Filter>Character</Filter>
    </ClInclude>
    <ClInclude Include="include\Character\CharacterRecord.h">
      <Filter>Character</Filter>
    </ClInclude>
    <ClInclude Include="include\Character\HairRecord.h">
      <Filter>Character</Filter>
    </ClInclude>
    <ClInclude Include="include\Character\HairRecordStore.h">
      <Filter>Character</Filter>
    </ClInclude>
    <ClInclude Include="include\Character\PoseRecord.h">
      <Filter>Character</Filter>
    </ClInclude>
    <ClInclude Include="include\Character\PoseRecordStore.h">
      <Filter>Character</Filter>
    </ClInclude>
    <ClInclude Include="include\Item\ForgeRecord.h">
      <Filter>Item</Filter>
    </ClInclude>
    <ClInclude Include="include\Item\ForgeRecordStore.h">
      <Filter>Item</Filter>
    </ClInclude>
    <ClInclude Include="include\Item\ItemAttr.h">
      <Filter>Item</Filter>
    </ClInclude>
    <ClInclude Include="include\Item\ItemAttrType.h">
      <Filter>Item</Filter>
    </ClInclude>
    <ClInclude Include="include\Item\ItemContent.h">
      <Filter>Item</Filter>
    </ClInclude>
    <ClInclude Include="include\Item\ItemLitRecord.h">
      <Filter>Item</Filter>
    </ClInclude>
    <ClInclude Include="include\Item\ItemLitStore.h">
      <Filter>Item</Filter>
    </ClInclude>
    <ClInclude Include="include\Item\ItemPreRecord.h">
      <Filter>Item</Filter>
    </ClInclude>
    <ClInclude Include="include\Item\ItemPreRecordStore.h">
      <Filter>Item</Filter>
    </ClInclude>
    <ClInclude Include="include\Item\ItemRecord.h">
      <Filter>Item</Filter>
    </ClInclude>
    <ClInclude Include="include\Item\ItemRecordStore.h">
      <Filter>Item</Filter>
    </ClInclude>
    <ClInclude Include="include\Item\ItemRefineEffectRecord.h">
      <Filter>Item</Filter>
    </ClInclude>
    <ClInclude Include="include\Item\ItemRefineEffectRecordStore.h">
      <Filter>Item</Filter>
    </ClInclude>
    <ClInclude Include="include\Item\ItemRefineRecord.h">
      <Filter>Item</Filter>
    </ClInclude>
    <ClInclude Include="include\Item\ItemRefineRecordStore.h">
      <Filter>Item</Filter>
    </ClInclude>
    <ClInclude Include="include\Item\ItemTypeRecord.h">
      <Filter>Item</Filter>
    </ClInclude>
    <ClInclude Include="include\Item\ItemTypeRecordStore.h">
      <Filter>Item</Filter>
    </ClInclude>
    <ClInclude Include="include\Item\StoneRecord.h">
      <Filter>Item</Filter>
    </ClInclude>
    <ClInclude Include="include\Item\StoneRecordStore.h">
      <Filter>Item</Filter>
    </ClInclude>
    <ClInclude Include="include\Inventory\JobEquipRecordStore.h">
      <Filter>Inventory</Filter>
    </ClInclude>
    <ClInclude Include="include\Inventory\JobInitEquip.h">
      <Filter>Inventory</Filter>
    </ClInclude>
    <ClInclude Include="include\Inventory\Kitbag.h">
      <Filter>Inventory</Filter>
    </ClInclude>
    <ClInclude Include="include\Inventory\KitbagEnCode.h">
      <Filter>Inventory</Filter>
    </ClInclude>
    <ClInclude Include="include\Inventory\ShipSet.h">
      <Filter>Inventory</Filter>
    </ClInclude>
    <ClInclude Include="include\Inventory\SkillBag.h">
      <Filter>Inventory</Filter>
    </ClInclude>
    <ClInclude Include="include\Skill\ElfSkillRecord.h">
      <Filter>Skill</Filter>
    </ClInclude>
    <ClInclude Include="include\Skill\ElfSkillRecordStore.h">
      <Filter>Skill</Filter>
    </ClInclude>
    <ClInclude Include="include\Skill\SkillRecord.h">
      <Filter>Skill</Filter>
    </ClInclude>
    <ClInclude Include="include\Skill\SkillRecordStore.h">
      <Filter>Skill</Filter>
    </ClInclude>
    <ClInclude Include="include\Skill\SkillStateRecord.h">
      <Filter>Skill</Filter>
    </ClInclude>
    <ClInclude Include="include\Skill\SkillStateRecordStore.h">
      <Filter>Skill</Filter>
    </ClInclude>
    <ClInclude Include="include\Skill\SkillStateType.h">
      <Filter>Skill</Filter>
    </ClInclude>
    <ClInclude Include="include\NPC\MonRefRecord.h">
      <Filter>NPC</Filter>
    </ClInclude>
    <ClInclude Include="include\NPC\MonRefRecordStore.h">
      <Filter>NPC</Filter>
    </ClInclude>
    <ClInclude Include="include\NPC\MonsterInfoRecord.h">
      <Filter>NPC</Filter>
    </ClInclude>
    <ClInclude Include="include\NPC\MonsterInfoRecordStore.h">
      <Filter>NPC</Filter>
    </ClInclude>
    <ClInclude Include="include\NPC\MonsterListRecordStore.h">
      <Filter>NPC</Filter>
    </ClInclude>
    <ClInclude Include="include\NPC\NPCDataRecord.h">
      <Filter>NPC</Filter>
    </ClInclude>
    <ClInclude Include="include\NPC\NPCListRecordStore.h">
      <Filter>NPC</Filter>
    </ClInclude>
    <ClInclude Include="include\NPC\NpcRecord.h">
      <Filter>NPC</Filter>
    </ClInclude>
    <ClInclude Include="include\NPC\NpcRecordStore.h">
      <Filter>NPC</Filter>
    </ClInclude>
    <ClInclude Include="include\World\AnimatedLightRecord.h">
      <Filter>World</Filter>
    </ClInclude>
    <ClInclude Include="include\World\AnimatedLightStore.h">
      <Filter>World</Filter>
    </ClInclude>
    <ClInclude Include="include\World\AreaRecord.h">
      <Filter>World</Filter>
    </ClInclude>
    <ClInclude Include="include\World\AreaRecordStore.h">
      <Filter>World</Filter>
    </ClInclude>
    <ClInclude Include="include\World\EventRecord.h">
      <Filter>World</Filter>
    </ClInclude>
    <ClInclude Include="include\World\EventRecordStore.h">
      <Filter>World</Filter>
    </ClInclude>
    <ClInclude Include="include\World\MapRecord.h">
      <Filter>World</Filter>
    </ClInclude>
    <ClInclude Include="include\World\MapRecordStore.h">
      <Filter>World</Filter>
    </ClInclude>
    <ClInclude Include="include\World\SceneObjRecord.h">
      <Filter>World</Filter>
    </ClInclude>
    <ClInclude Include="include\World\SceneObjRecordStore.h">
      <Filter>World</Filter>
    </ClInclude>
    <ClInclude Include="include\World\ShadeRecord.h">
      <Filter>World</Filter>
    </ClInclude>
    <ClInclude Include="include\World\ShadeRecordStore.h">
      <Filter>World</Filter>
    </ClInclude>
    <ClInclude Include="include\World\SwitchMapRecord.h">
      <Filter>World</Filter>
    </ClInclude>
    <ClInclude Include="include\World\SwitchMapRecordStore.h">
      <Filter>World</Filter>
    </ClInclude>
    <ClInclude Include="include\World\TerrainAttrib.h">
      <Filter>World</Filter>
    </ClInclude>
    <ClInclude Include="include\World\TerrainRecord.h">
      <Filter>World</Filter>
    </ClInclude>
    <ClInclude Include="include\World\TerrainRecordStore.h">
      <Filter>World</Filter>
    </ClInclude>
    <ClInclude Include="include\Audio\EventSoundRecord.h">
      <Filter>Audio</Filter>
    </ClInclude>
    <ClInclude Include="include\Audio\EventSoundRecordStore.h">
      <Filter>Audio</Filter>
    </ClInclude>
    <ClInclude Include="include\Audio\MusicRecord.h">
      <Filter>Audio</Filter>
    </ClInclude>
    <ClInclude Include="include\Audio\MusicRecordStore.h">
      <Filter>Audio</Filter>
    </ClInclude>
    <ClInclude Include="include\Effect\EffParamRecord.h">
      <Filter>Effect</Filter>
    </ClInclude>
    <ClInclude Include="include\Effect\EffParamRecordStore.h">
      <Filter>Effect</Filter>
    </ClInclude>
    <ClInclude Include="include\Effect\EffectRecord.h">
      <Filter>Effect</Filter>
    </ClInclude>
    <ClInclude Include="include\Effect\EffectRecordStore.h">
      <Filter>Effect</Filter>
    </ClInclude>
    <ClInclude Include="include\Mount\MountRecord.h">
      <Filter>Mount</Filter>
    </ClInclude>
    <ClInclude Include="include\Mount\MountRecordStore.h">
      <Filter>Mount</Filter>
    </ClInclude>
    <ClInclude Include="include\Mount\ShipPartRecordStore.h">
      <Filter>Mount</Filter>
    </ClInclude>
    <ClInclude Include="include\Mount\ShipRecordStore.h">
      <Filter>Mount</Filter>
    </ClInclude>
    <ClInclude Include="include\Progression\LevelRecord.h">
      <Filter>Progression</Filter>
    </ClInclude>
    <ClInclude Include="include\Progression\LevelRecordStore.h">
      <Filter>Progression</Filter>
    </ClInclude>
    <ClInclude Include="include\Progression\LifeLvRecord.h">
      <Filter>Progression</Filter>
    </ClInclude>
    <ClInclude Include="include\Progression\LifeLvRecordStore.h">
      <Filter>Progression</Filter>
    </ClInclude>
    <ClInclude Include="include\Progression\SailLvRecord.h">
      <Filter>Progression</Filter>
    </ClInclude>
    <ClInclude Include="include\Progression\SailLvRecordStore.h">
      <Filter>Progression</Filter>
    </ClInclude>
    <ClInclude Include="include\Localization\ChatIconRecord.h">
      <Filter>Localization</Filter>
    </ClInclude>
    <ClInclude Include="include\Localization\ChatIconRecordStore.h">
      <Filter>Localization</Filter>
    </ClInclude>
    <ClInclude Include="include\Localization\HelpEntryRecord.h">
      <Filter>Localization</Filter>
    </ClInclude>
    <ClInclude Include="include\Localization\HelpEntryStore.h">
      <Filter>Localization</Filter>
    </ClInclude>
    <ClInclude Include="include\Localization\LanguageRecordStore.h">
      <Filter>Localization</Filter>
    </ClInclude>
    <ClInclude Include="include\Localization\LitEntryRecord.h">
      <Filter>Localization</Filter>
    </ClInclude>
    <ClInclude Include="include\Localization\LitEntryStore.h">
      <Filter>Localization</Filter>
    </ClInclude>
    <ClInclude Include="include\Localization\NotifyRecord.h">
      <Filter>Localization</Filter>
    </ClInclude>
    <ClInclude Include="include\Localization\NotifyRecordStore.h">
      <Filter>Localization</Filter>
    </ClInclude>
    <ClInclude Include="include\Server\ServerRecord.h">
      <Filter>Server</Filter>
    </ClInclude>
    <ClInclude Include="include\Server\ServerRecordStore.h">
      <Filter>Server</Filter>
    </ClInclude>
    <ClInclude Include="include\Misc\GroupParamRecord.h">
      <Filter>Misc</Filter>
    </ClInclude>
    <ClInclude Include="include\Misc\GroupParamRecordStore.h">
      <Filter>Misc</Filter>
    </ClInclude>
    <ClInclude Include="include\Misc\ResourceRecord.h">
      <Filter>Misc</Filter>
    </ClInclude>
    <ClInclude Include="include\Misc\ResourceRecordStore.h">
      <Filter>Misc</Filter>
    </ClInclude>
    <ClInclude Include="..\sqlite3\sqlite3.h">
      <Filter>ThirdParty</Filter>
    </ClInclude>
  </ItemGroup>
</Project>
