<?xml version="1.0" encoding="utf-8"?>
<Project ToolsVersion="4.0" xmlns="http://schemas.microsoft.com/developer/msbuild/2003">
  <ItemGroup>
    <Filter Include="Source Files">
      <UniqueIdentifier>{4FC737F1-C7A5-4376-A066-2A32D752A2FF}</UniqueIdentifier>
      <Extensions>cpp;c;cxx;def;odl;idl;hpj;bat;asm;asmx</Extensions>
    </Filter>
    <Filter Include="Source Files\Map">
      <UniqueIdentifier>{fc6f65fe-03de-46d2-ae28-e09f5fc59671}</UniqueIdentifier>
    </Filter>
    <Filter Include="Source Files\Render">
      <UniqueIdentifier>{f6a1451f-f1cf-453c-be9c-3eeb6a296a59}</UniqueIdentifier>
    </Filter>
    <Filter Include="Source Files\Render\GameApp">
      <UniqueIdentifier>{0e5aebab-4489-4f12-aec8-a2ffb044bd98}</UniqueIdentifier>
    </Filter>
    <Filter Include="Source Files\Mesh">
      <UniqueIdentifier>{7ba2f292-54cc-4638-97f7-47ccccc118d2}</UniqueIdentifier>
    </Filter>
    <Filter Include="Source Files\Mesh\include">
      <UniqueIdentifier>{3e9ca868-c336-439d-97bf-1115a30e9ebf}</UniqueIdentifier>
    </Filter>
    <Filter Include="Source Files\Math">
      <UniqueIdentifier>{bb3344f5-afc1-4048-b09a-d87da89d7635}</UniqueIdentifier>
    </Filter>
    <Filter Include="Source Files\VIM">
      <UniqueIdentifier>{aaf642ae-c683-42d0-9a14-46085f806675}</UniqueIdentifier>
    </Filter>
    <Filter Include="Source Files\Font">
      <UniqueIdentifier>{f93b149e-d6db-46ec-b712-4e29d70c1cf9}</UniqueIdentifier>
    </Filter>
    <Filter Include="effect">
      <UniqueIdentifier>{57338a9a-ad20-4ea3-a087-e97cd3b51c2d}</UniqueIdentifier>
    </Filter>
    <Filter Include="Input">
      <UniqueIdentifier>{a5e0c1d3-5e2a-4b1e-9a2c-1a8a3b2c4d5e}</UniqueIdentifier>
    </Filter>
    <Filter Include="Console">
      <UniqueIdentifier>{b6f1d2e4-6f3b-4c2f-aa3d-2b9b4c3d5e6f}</UniqueIdentifier>
    </Filter>
    <Filter Include="Diagnostic">
      <UniqueIdentifier>{c7a2e3f5-7a4c-4d3a-bb4e-3cac5d4e6f70}</UniqueIdentifier>
    </Filter>
    <Filter Include="Font">
      <UniqueIdentifier>{d8b3f4a6-8b5d-4e4b-cc5f-4dbd6e5f7081}</UniqueIdentifier>
    </Filter>
    <Filter Include="Texture">
      <UniqueIdentifier>{e9c4a5b7-9c6e-4f5c-dd6a-5ece7f6a8192}</UniqueIdentifier>
    </Filter>
    <Filter Include="Shader">
      <UniqueIdentifier>{fad5b6c8-ad7f-4a6d-ee7b-6fdf8a7b92a3}</UniqueIdentifier>
    </Filter>
    <Filter Include="Animation">
      <UniqueIdentifier>{0be6c7d9-be8a-4b7e-ff8c-7aea9b8ca3b4}</UniqueIdentifier>
    </Filter>
    <Filter Include="Asset">
      <UniqueIdentifier>{1cf7d8ea-cf9b-4c8f-aa9d-8bfb0ac9b4c5}</UniqueIdentifier>
    </Filter>
    <Filter Include="Math">
      <UniqueIdentifier>{2da8e9fb-dabc-4d9a-bbae-9c0c1bdac5d6}</UniqueIdentifier>
    </Filter>
    <Filter Include="Particle">
      <UniqueIdentifier>{3eb9fa0c-ebcd-4eab-ccbf-ad1d2cebd6e7}</UniqueIdentifier>
    </Filter>
    <Filter Include="Map">
      <UniqueIdentifier>{4fca0b1d-fcde-4fbc-ddca-be2e3dfce7f8}</UniqueIdentifier>
    </Filter>
    <Filter Include="Util">
      <UniqueIdentifier>{50db1c2e-0def-509d-eedb-cf3f4e0df809}</UniqueIdentifier>
    </Filter>
    <Filter Include="Platform">
      <UniqueIdentifier>{61ec2d3f-1ef0-61ae-ffec-d040506de91a}</UniqueIdentifier>
    </Filter>
    <Filter Include="Render">
      <UniqueIdentifier>{72fd3e40-2f01-72bf-aafd-e151617efa2b}</UniqueIdentifier>
    </Filter>
    <Filter Include="Effect">
      <UniqueIdentifier>{830e4f51-3012-83ca-bb0e-f262728f0b3c}</UniqueIdentifier>
    </Filter>
    <Filter Include="Model">
      <UniqueIdentifier>{941f5062-4123-94db-cc1f-037383900c4d}</UniqueIdentifier>
    </Filter>
    <Filter Include="Resource">
      <UniqueIdentifier>{a5206173-5234-a5ec-dd20-148494a11d5e}</UniqueIdentifier>
    </Filter>
    <Filter Include="Core">
      <UniqueIdentifier>{b6317284-6345-b6fd-ee31-2595a5b22e6f}</UniqueIdentifier>
    </Filter>
    <Filter Include="App">
      <UniqueIdentifier>{c7428395-7456-c70e-ff42-36a6b6c33f70}</UniqueIdentifier>
    </Filter>
  </ItemGroup>
  <ItemGroup>
    <ClInclude Include="Input\InputSystem.h">
      <Filter>Input</Filter>
    </ClInclude>
    <ClCompile Include="Input\InputSystem.cpp">
      <Filter>Input</Filter>
    </ClCompile>
    <ClInclude Include="Console\ConsoleProcessor.h">
      <Filter>Console</Filter>
    </ClInclude>
    <ClCompile Include="Console\ConsoleProcessor.cpp">
      <Filter>Console</Filter>
    </ClCompile>
    <ClInclude Include="Diagnostic\EngineDiag.h">
      <Filter>Diagnostic</Filter>
    </ClInclude>
    <ClInclude Include="Diagnostic\SystemInfo.h">
      <Filter>Diagnostic</Filter>
    </ClInclude>
    <ClInclude Include="Diagnostic\ThreadPool.h">
      <Filter>Diagnostic</Filter>
    </ClInclude>
    <ClInclude Include="Diagnostic\Timer.h">
      <Filter>Diagnostic</Filter>
    </ClInclude>
    <ClCompile Include="Diagnostic\EngineDiag.cpp">
      <Filter>Diagnostic</Filter>
    </ClCompile>
    <ClCompile Include="Diagnostic\SystemInfo.cpp">
      <Filter>Diagnostic</Filter>
    </ClCompile>
    <ClCompile Include="Diagnostic\ThreadPool.cpp">
      <Filter>Diagnostic</Filter>
    </ClCompile>
    <ClCompile Include="Diagnostic\Timer.cpp">
      <Filter>Diagnostic</Filter>
    </ClCompile>
    <ClInclude Include="Font\FontRender.h">
      <Filter>Font</Filter>
    </ClInclude>
    <ClInclude Include="Font\FonsDx9Backend.h">
      <Filter>Font</Filter>
    </ClInclude>
    <ClInclude Include="Font\MPFont.h">
      <Filter>Font</Filter>
    </ClInclude>
    <ClCompile Include="Font\FontRender.cpp">
      <Filter>Font</Filter>
    </ClCompile>
    <ClCompile Include="Font\FonsDx9Backend.cpp">
      <Filter>Font</Filter>
    </ClCompile>
    <ClCompile Include="Font\FonsImpl.cpp">
      <Filter>Font</Filter>
    </ClCompile>
    <ClInclude Include="Texture\ImageLoader.h">
      <Filter>Texture</Filter>
    </ClInclude>
    <ClInclude Include="Texture\TextureLog.h">
      <Filter>Texture</Filter>
    </ClInclude>
    <ClInclude Include="Texture\TextureManager.h">
      <Filter>Texture</Filter>
    </ClInclude>
    <ClCompile Include="Texture\ImageLoader.cpp">
      <Filter>Texture</Filter>
    </ClCompile>
    <ClCompile Include="Texture\ImageLoaders.cpp">
      <Filter>Texture</Filter>
    </ClCompile>
    <ClCompile Include="Texture\TextureLog.cpp">
      <Filter>Texture</Filter>
    </ClCompile>
    <ClCompile Include="Texture\TextureManager.cpp">
      <Filter>Texture</Filter>
    </ClCompile>
    <ClInclude Include="Shader\EffectShaderStore.h">
      <Filter>Shader</Filter>
    </ClInclude>
    <ClInclude Include="Shader\ShaderLoad.h">
      <Filter>Shader</Filter>
    </ClInclude>
    <ClInclude Include="Shader\ShaderLoader.h">
      <Filter>Shader</Filter>
    </ClInclude>
    <ClCompile Include="Shader\EffectShaderStore.cpp">
      <Filter>Shader</Filter>
    </ClCompile>
    <ClCompile Include="Shader\ShaderLoad.cpp">
      <Filter>Shader</Filter>
    </ClCompile>
    <ClCompile Include="Shader\ShaderLoader.cpp">
      <Filter>Shader</Filter>
    </ClCompile>
    <ClInclude Include="Animation\lwAnimCtrl.h">
      <Filter>Animation</Filter>
    </ClInclude>
    <ClInclude Include="Animation\lwAnimCtrlObj.h">
      <Filter>Animation</Filter>
    </ClInclude>
    <ClInclude Include="Animation\lwAnimKeySetPRS.h">
      <Filter>Animation</Filter>
    </ClInclude>
    <ClCompile Include="Animation\lwAnimCtrl.cpp">
      <Filter>Animation</Filter>
    </ClCompile>
    <ClCompile Include="Animation\lwAnimCtrlObj.cpp">
      <Filter>Animation</Filter>
    </ClCompile>
    <ClCompile Include="Animation\lwAnimKeySetPRS.cpp">
      <Filter>Animation</Filter>
    </ClCompile>
  </ItemGroup>
  <ItemGroup>
    <ClInclude Include="Util\GlobalInc.h">
      <Filter>Util</Filter>
    </ClInclude>
    <ClInclude Include="src\stdafx.h">
      <Filter>Source Files</Filter>
    </ClInclude>
    <ClInclude Include="Map\MPMap.h">
      <Filter>Map</Filter>
    </ClInclude>
    <ClInclude Include="Map\SceneFileLoaders.h">
      <Filter>Map</Filter>
    </ClInclude>
    <ClInclude Include="Util\MPTerrainSet.h">
      <Filter>Util</Filter>
    </ClInclude>
    <ClInclude Include="Util\MPTile.h">
      <Filter>Util</Filter>
    </ClInclude>
    <ClInclude Include="Map\ZRBlock.h">
      <Filter>Map</Filter>
    </ClInclude>
    <ClInclude Include="Platform\d3dutil.h">
      <Filter>Platform</Filter>
    </ClInclude>
    <ClInclude Include="Platform\dxutil.h">
      <Filter>Platform</Filter>
    </ClInclude>
    <ClInclude Include="Render\MPRender.h">
      <Filter>Render</Filter>
    </ClInclude>
    <ClInclude Include="Util\MPTextureSet.h">
      <Filter>Util</Filter>
    </ClInclude>
    <ClInclude Include="Platform\mygraph.h">
      <Filter>Platform</Filter>
    </ClInclude>
    <ClInclude Include="Model\MPCamera.h">
      <Filter>Model</Filter>
    </ClInclude>
    <ClInclude Include="Console\ConsoleProcessor.h">
      <Filter>Console</Filter>
    </ClInclude>
    <ClInclude Include="App\MPGameApp.h">
      <Filter>App</Filter>
    </ClInclude>
    <ClInclude Include="Animation\lwAnimCtrl.h">
      <Filter>Animation</Filter>
    </ClInclude>
    <ClInclude Include="Animation\lwAnimCtrlObj.h">
      <Filter>Animation</Filter>
    </ClInclude>
    <ClInclude Include="Animation\lwAnimKeySetPRS.h">
      <Filter>Animation</Filter>
    </ClInclude>
    <ClInclude Include="Model\lwCamera.h">
      <Filter>Model</Filter>
    </ClInclude>
    <ClInclude Include="Util\CoordinateSys.h">
      <Filter>Util</Filter>
    </ClInclude>
    <ClInclude Include="Platform\D3DSettings.h">
      <Filter>Platform</Filter>
    </ClInclude>
    <ClInclude Include="Asset\DDS.h">
      <Filter>Asset</Filter>
    </ClInclude>
    <ClInclude Include="Asset\DDSFile.h">
      <Filter>Asset</Filter>
    </ClInclude>
    <ClInclude Include="Platform\DeviceObject.h">
      <Filter>Platform</Filter>
    </ClInclude>
    <ClInclude Include="Asset\DirectoryBrowser.h">
      <Filter>Asset</Filter>
    </ClInclude>
    <ClInclude Include="Effect\EfxTrack.h">
      <Filter>Effect</Filter>
    </ClInclude>
    <ClInclude Include="Model\lwExpObj.h">
      <Filter>Model</Filter>
    </ClInclude>
    <ClInclude Include="Asset\lwFileutil.h">
      <Filter>Asset</Filter>
    </ClInclude>
    <ClInclude Include="Render\lwgraphics.h">
      <Filter>Render</Filter>
    </ClInclude>
    <ClInclude Include="Render\lwgraphicsutil.h">
      <Filter>Render</Filter>
    </ClInclude>
    <ClInclude Include="Util\Heap.h">
      <Filter>Util</Filter>
    </ClInclude>
    <ClInclude Include="Model\HelperGeometry.h">
      <Filter>Model</Filter>
    </ClInclude>
    <ClInclude Include="Platform\lwInterfaceExt.h">
      <Filter>Platform</Filter>
    </ClInclude>
    <ClInclude Include="Model\lwItem.h">
      <Filter>Model</Filter>
    </ClInclude>
    <ClInclude Include="Model\lwLinkCtrl.h">
      <Filter>Model</Filter>
    </ClInclude>
    <ClInclude Include="Util\lwMisc.h">
      <Filter>Util</Filter>
    </ClInclude>
    <ClInclude Include="Model\lwModel.h">
      <Filter>Model</Filter>
    </ClInclude>
    <ClInclude Include="Model\lwNodeObject.h">
      <Filter>Model</Filter>
    </ClInclude>
    <ClInclude Include="Util\SlotMap.h">
      <Filter>Util</Filter>
    </ClInclude>
    <ClInclude Include="Asset\PathInfo.h">
      <Filter>Asset</Filter>
    </ClInclude>
    <ClInclude Include="Model\lwPhysique.h">
      <Filter>Model</Filter>
    </ClInclude>
    <ClInclude Include="Model\lwPoseCtrl.h">
      <Filter>Model</Filter>
    </ClInclude>
    <ClInclude Include="Model\lwPrimitive.h">
      <Filter>Model</Filter>
    </ClInclude>
    <ClInclude Include="Render\lwPrimitiveHelper.h">
      <Filter>Render</Filter>
    </ClInclude>
    <ClInclude Include="Model\lwRenderCtrlEmb.h">
      <Filter>Model</Filter>
    </ClInclude>
    <ClInclude Include="Model\lwRenderImp.h">
      <Filter>Model</Filter>
    </ClInclude>
    <ClInclude Include="Resource\ResourceMgr.h">
      <Filter>Resource</Filter>
    </ClInclude>
    <ClInclude Include="Model\lwSceneMgr.h">
      <Filter>Model</Filter>
    </ClInclude>
    <ClInclude Include="Shader\ShaderDeclMgr.h">
      <Filter>Shader</Filter>
    </ClInclude>
    <ClInclude Include="Shader\ShaderMgr.h">
      <Filter>Shader</Filter>
    </ClInclude>
    <ClInclude Include="Render\StreamObj.h">
      <Filter>Render</Filter>
    </ClInclude>
    <ClInclude Include="Util\lwSyncObj.h">
      <Filter>Util</Filter>
    </ClInclude>
    <ClInclude Include="Platform\lwSysCharacter.h">
      <Filter>Platform</Filter>
    </ClInclude>
    <ClInclude Include="Platform\SysGraphics.h">
      <Filter>Platform</Filter>
    </ClInclude>
    <ClInclude Include="Platform\System.h">
      <Filter>Platform</Filter>
    </ClInclude>
    <ClInclude Include="Diagnostic\SystemInfo.h">
      <Filter>Diagnostic</Filter>
    </ClInclude>
    <ClInclude Include="Diagnostic\ThreadPool.h">
      <Filter>Diagnostic</Filter>
    </ClInclude>
    <ClInclude Include="Diagnostic\Timer.h">
      <Filter>Diagnostic</Filter>
    </ClInclude>
    <ClInclude Include="Model\lwTreeNode.h">
      <Filter>Model</Filter>
    </ClInclude>
    <ClInclude Include="Render\lwViewFrustum.h">
      <Filter>Render</Filter>
    </ClInclude>
    <ClInclude Include="Model\lwxRenderCtrlVS.h">
      <Filter>Model</Filter>
    </ClInclude>
    <ClInclude Include="Effect\EffectFile.h">
      <Filter>Effect</Filter>
    </ClInclude>
    <ClInclude Include="Core\lwClassDecl.h">
      <Filter>Core</Filter>
    </ClInclude>
    <ClInclude Include="Platform\lwD3D.h">
      <Filter>Platform</Filter>
    </ClInclude>
    <ClInclude Include="Platform\lwDirectX.h">
      <Filter>Platform</Filter>
    </ClInclude>
    <ClInclude Include="Core\lwErrorCode.h">
      <Filter>Core</Filter>
    </ClInclude>
    <ClInclude Include="Core\lwGuidObj.h">
      <Filter>Core</Filter>
    </ClInclude>
    <ClInclude Include="Core\lwHeader.h">
      <Filter>Core</Filter>
    </ClInclude>
    <ClInclude Include="Util\lwIFunc.h">
      <Filter>Util</Filter>
    </ClInclude>
    <ClInclude Include="Core\lwInterface.h">
      <Filter>Core</Filter>
    </ClInclude>
    <ClInclude Include="Core\lwITypes.h">
      <Filter>Core</Filter>
    </ClInclude>
    <ClInclude Include="Core\lwITypes2.h">
      <Filter>Core</Filter>
    </ClInclude>
    <ClInclude Include="Util\lwIUtil.h">
      <Filter>Util</Filter>
    </ClInclude>
    <ClInclude Include="Math\lwMath.h">
      <Filter>Math</Filter>
    </ClInclude>
    <ClInclude Include="Model\lwObjectMethod.h">
      <Filter>Model</Filter>
    </ClInclude>
    <ClInclude Include="Core\lwShaderTypes.h">
      <Filter>Core</Filter>
    </ClInclude>
    <ClInclude Include="Util\lwStdInc.h">
      <Filter>Util</Filter>
    </ClInclude>
    <ClInclude Include="Model\MPCharacter.h">
      <Filter>Model</Filter>
    </ClInclude>
    <ClInclude Include="Asset\AssetLoaders.h">
      <Filter>Asset</Filter>
    </ClInclude>
    <ClInclude Include="Effect\EffPathStore.h">
      <Filter>Effect</Filter>
    </ClInclude>
    <ClInclude Include="Platform\EffectDeviceCallbacks.h">
      <Filter>Platform</Filter>
    </ClInclude>
    <ClInclude Include="Effect\EffectFxRenderer.h">
      <Filter>Effect</Filter>
    </ClInclude>
    <ClInclude Include="Asset\EffectMeshStore.h">
      <Filter>Asset</Filter>
    </ClInclude>
    <ClInclude Include="Render\EffectRenderContext.h">
      <Filter>Render</Filter>
    </ClInclude>
    <ClInclude Include="Shader\EffectShaderStore.h">
      <Filter>Shader</Filter>
    </ClInclude>
    <ClInclude Include="Asset\BoneAnimCache.h">
      <Filter>Asset</Filter>
    </ClInclude>
    <ClInclude Include="Asset\GeomObjCache.h">
      <Filter>Asset</Filter>
    </ClInclude>
    <ClInclude Include="Effect\EffectStore.h">
      <Filter>Effect</Filter>
    </ClInclude>
    <ClInclude Include="Particle\ParticleCtrlStore.h">
      <Filter>Particle</Filter>
    </ClInclude>
    <ClInclude Include="Particle\ParticleInstancePool.h">
      <Filter>Particle</Filter>
    </ClInclude>
    <ClInclude Include="Asset\TobMeshStore.h">
      <Filter>Asset</Filter>
    </ClInclude>
    <ClInclude Include="Core\MPInterface.h">
      <Filter>Core</Filter>
    </ClInclude>
    <ClInclude Include="Model\MPSceneItem.h">
      <Filter>Model</Filter>
    </ClInclude>
    <ClInclude Include="Model\MPSceneObject.h">
      <Filter>Model</Filter>
    </ClInclude>
    <ClInclude Include="Shader\ShaderLoad.h">
      <Filter>Shader</Filter>
    </ClInclude>
    <ClInclude Include="Util\MPMath.h">
      <Filter>Util</Filter>
    </ClInclude>
    <ClInclude Include="Font\MPFont.h">
      <Filter>Font</Filter>
    </ClInclude>
    <ClInclude Include="Util\STLprerequisite.h">
      <Filter>Util</Filter>
    </ClInclude>
    <ClInclude Include="Effect\I_Effect.h">
      <Filter>Effect</Filter>
    </ClInclude>
    <ClInclude Include="Texture\ImageLoader.h">
      <Filter>Texture</Filter>
    </ClInclude>
    <ClCompile Include="Texture\ImageLoader.cpp">
      <Filter>Texture</Filter>
    </ClCompile>
    <ClInclude Include="Shader\ShaderLoader.h">
      <Filter>Shader</Filter>
    </ClInclude>
    <ClCompile Include="Shader\ShaderLoader.cpp">
      <Filter>Shader</Filter>
    </ClCompile>
    <ClInclude Include="Util\MPColorValue.h">
      <Filter>Util</Filter>
    </ClInclude>
    <ClInclude Include="Util\MPDataStream.h">
      <Filter>Util</Filter>
    </ClInclude>
    <ClInclude Include="Effect\MPEffectAsmMath.h">
      <Filter>Effect</Filter>
    </ClInclude>
    <ClInclude Include="Effect\MPEffectCtrl.h">
      <Filter>Effect</Filter>
    </ClInclude>
    <ClInclude Include="Math\MPEffectMath.h">
      <Filter>Math</Filter>
    </ClInclude>
    <ClInclude Include="Util\MPEffPrerequisites.h">
      <Filter>Util</Filter>
    </ClInclude>
    <ClInclude Include="Math\MPEffQuaternion.h">
      <Filter>Math</Filter>
    </ClInclude>
    <ClInclude Include="Math\MPEffVector3.h">
      <Filter>Math</Filter>
    </ClInclude>
    <ClInclude Include="Util\MPFactoryObj.h">
      <Filter>Util</Filter>
    </ClInclude>
    <ClInclude Include="Util\MPIteratorWrappers.h">
      <Filter>Util</Filter>
    </ClInclude>
    <ClInclude Include="Model\MPModelEff.h">
      <Filter>Model</Filter>
    </ClInclude>
    <ClInclude Include="Util\MPParameterInterface.h">
      <Filter>Util</Filter>
    </ClInclude>
    <ClInclude Include="Particle\MPParticleAffector.h">
      <Filter>Particle</Filter>
    </ClInclude>
    <ClInclude Include="Particle\MPParticleAffectorFactory.h">
      <Filter>Particle</Filter>
    </ClInclude>
    <ClInclude Include="Particle\MPParticleCtrl.h">
      <Filter>Particle</Filter>
    </ClInclude>
    <ClInclude Include="Particle\MPParticleEmitterFactory.h">
      <Filter>Particle</Filter>
    </ClInclude>
    <ClInclude Include="Particle\MPParticleSys.h">
      <Filter>Particle</Filter>
    </ClInclude>
    <ClInclude Include="Resource\MPResManger.h">
      <Filter>Resource</Filter>
    </ClInclude>
    <ClInclude Include="Util\MPResourceSet.h">
      <Filter>Util</Filter>
    </ClInclude>
    <ClInclude Include="Util\MPScriptLoader.h">
      <Filter>Util</Filter>
    </ClInclude>
    <ClInclude Include="Map\MPShadeMap.h">
      <Filter>Map</Filter>
    </ClInclude>
    <ClInclude Include="Util\MPSharedPtr.h">
      <Filter>Util</Filter>
    </ClInclude>
    <ClInclude Include="Util\MPSingleton.h">
      <Filter>Util</Filter>
    </ClInclude>
    <ClInclude Include="Util\MPStringUtil.h">
      <Filter>Util</Filter>
    </ClInclude>
    <ClInclude Include="Util\MPStringVector.h">
      <Filter>Util</Filter>
    </ClInclude>
    <ClInclude Include="Core\MindPower.h">
      <Filter>Core</Filter>
    </ClInclude>
    <ClInclude Include="Util\MindPowerAPI.h" />
  </ItemGroup>
  <ItemGroup>
    <ClCompile Include="src\stdafx.cpp">
      <Filter>Source Files</Filter>
    </ClCompile>
    <ClCompile Include="Map\MPMap.cpp">
      <Filter>Map</Filter>
    </ClCompile>
    <ClCompile Include="Map\MPMapData.cpp">
      <Filter>Map</Filter>
    </ClCompile>
    <ClCompile Include="Map\MapLoader.cpp">
      <Filter>Map</Filter>
    </ClCompile>
    <ClCompile Include="Map\SceneFileLoaders.cpp">
      <Filter>Map</Filter>
    </ClCompile>
    <ClCompile Include="Util\MPTile.cpp">
      <Filter>Util</Filter>
    </ClCompile>
    <ClCompile Include="Map\ZRBlock.cpp">
      <Filter>Map</Filter>
    </ClCompile>
    <ClCompile Include="Platform\d3dutil.cpp">
      <Filter>Platform</Filter>
    </ClCompile>
    <ClCompile Include="Render\MPRender.cpp">
      <Filter>Render</Filter>
    </ClCompile>
    <ClCompile Include="Platform\mygraph.cpp">
      <Filter>Platform</Filter>
    </ClCompile>
    <ClCompile Include="Model\MPCamera.cpp">
      <Filter>Model</Filter>
    </ClCompile>
    <ClCompile Include="Console\ConsoleProcessor.cpp">
      <Filter>Console</Filter>
    </ClCompile>
    <ClCompile Include="App\MPGameApp.cpp">
      <Filter>App</Filter>
    </ClCompile>
    <ClCompile Include="Animation\lwAnimCtrl.cpp">
      <Filter>Animation</Filter>
    </ClCompile>
    <ClCompile Include="Animation\lwAnimCtrlObj.cpp">
      <Filter>Animation</Filter>
    </ClCompile>
    <ClCompile Include="Animation\lwAnimKeySetPRS.cpp">
      <Filter>Animation</Filter>
    </ClCompile>
    <ClCompile Include="Model\lwCamera.cpp">
      <Filter>Model</Filter>
    </ClCompile>
    <ClCompile Include="Util\CoordinateSys.cpp">
      <Filter>Util</Filter>
    </ClCompile>
    <ClCompile Include="Platform\D3DSettings.cpp">
      <Filter>Platform</Filter>
    </ClCompile>
    <ClCompile Include="Asset\DDSFile.cpp">
      <Filter>Asset</Filter>
    </ClCompile>
    <ClCompile Include="Platform\DeviceObject.cpp">
      <Filter>Platform</Filter>
    </ClCompile>
    <ClCompile Include="Asset\DirectoryBrowser.cpp">
      <Filter>Asset</Filter>
    </ClCompile>
    <ClCompile Include="Effect\EfxTrack.cpp">
      <Filter>Effect</Filter>
    </ClCompile>
    <ClCompile Include="Model\lwExpObj.cpp">
      <Filter>Model</Filter>
    </ClCompile>
    <ClCompile Include="Asset\lwFileutil.cpp">
      <Filter>Asset</Filter>
    </ClCompile>
    <ClCompile Include="Render\lwgraphicsutil.cpp">
      <Filter>Render</Filter>
    </ClCompile>
    <ClCompile Include="src\lwGuidObj.cpp">
      <Filter>Source Files\Mesh</Filter>
    </ClCompile>
    <ClCompile Include="Util\Heap.cpp">
      <Filter>Util</Filter>
    </ClCompile>
    <ClCompile Include="Model\HelperGeometry.cpp">
      <Filter>Model</Filter>
    </ClCompile>
    <ClCompile Include="Util\lwIFunc.cpp">
      <Filter>Util</Filter>
    </ClCompile>
    <ClCompile Include="Core\lwInterface.cpp">
      <Filter>Core</Filter>
    </ClCompile>
    <ClCompile Include="Model\lwItem.cpp">
      <Filter>Model</Filter>
    </ClCompile>
    <ClCompile Include="Util\lwIUtil.cpp">
      <Filter>Util</Filter>
    </ClCompile>
    <ClCompile Include="Math\lwmath.cpp">
      <Filter>Math</Filter>
    </ClCompile>
    <ClCompile Include="Util\lwMisc.cpp">
      <Filter>Util</Filter>
    </ClCompile>
    <ClCompile Include="Model\lwModel.cpp">
      <Filter>Model</Filter>
    </ClCompile>
    <ClCompile Include="Model\lwNodeObject.cpp">
      <Filter>Model</Filter>
    </ClCompile>
    <ClCompile Include="Model\lwObjectMethod.cpp">
      <Filter>Model</Filter>
    </ClCompile>
    <ClCompile Include="Asset\PathInfo.cpp">
      <Filter>Asset</Filter>
    </ClCompile>
    <ClCompile Include="Model\lwPhysique.cpp">
      <Filter>Model</Filter>
    </ClCompile>
    <ClCompile Include="Model\lwPoseCtrl.cpp">
      <Filter>Model</Filter>
    </ClCompile>
    <ClCompile Include="Model\lwPrimitive.cpp">
      <Filter>Model</Filter>
    </ClCompile>
    <ClCompile Include="Render\lwPrimitiveHelper.cpp">
      <Filter>Render</Filter>
    </ClCompile>
    <ClCompile Include="Model\lwRenderCtrlEmb.cpp">
      <Filter>Model</Filter>
    </ClCompile>
    <ClCompile Include="Model\lwRenderImp.cpp">
      <Filter>Model</Filter>
    </ClCompile>
    <ClCompile Include="Resource\ResourceMgr.cpp">
      <Filter>Resource</Filter>
    </ClCompile>
    <ClCompile Include="Model\lwSceneMgr.cpp">
      <Filter>Model</Filter>
    </ClCompile>
    <ClCompile Include="Shader\ShaderDeclMgr.cpp">
      <Filter>Shader</Filter>
    </ClCompile>
    <ClCompile Include="Shader\ShaderMgr.cpp">
      <Filter>Shader</Filter>
    </ClCompile>
    <ClCompile Include="Render\StreamObj.cpp">
      <Filter>Render</Filter>
    </ClCompile>
    <ClCompile Include="Platform\lwSysCharacter.cpp">
      <Filter>Platform</Filter>
    </ClCompile>
    <ClCompile Include="Platform\SysGraphics.cpp">
      <Filter>Platform</Filter>
    </ClCompile>
    <ClCompile Include="Platform\System.cpp">
      <Filter>Platform</Filter>
    </ClCompile>
    <ClCompile Include="Diagnostic\SystemInfo.cpp">
      <Filter>Diagnostic</Filter>
    </ClCompile>
    <ClCompile Include="Diagnostic\ThreadPool.cpp">
      <Filter>Diagnostic</Filter>
    </ClCompile>
    <ClCompile Include="Diagnostic\Timer.cpp">
      <Filter>Diagnostic</Filter>
    </ClCompile>
    <ClCompile Include="Model\lwTreeNode.cpp">
      <Filter>Model</Filter>
    </ClCompile>
    <ClCompile Include="Render\lwViewFrustum.cpp">
      <Filter>Render</Filter>
    </ClCompile>
    <ClCompile Include="Model\lwxRenderCtrVS.cpp">
      <Filter>Model</Filter>
    </ClCompile>
    <ClCompile Include="Asset\AssetLoaders.cpp">
      <Filter>Asset</Filter>
    </ClCompile>
    <ClCompile Include="Effect\EffPathStore.cpp">
      <Filter>Effect</Filter>
    </ClCompile>
    <ClCompile Include="Platform\EffectDeviceCallbacks.cpp">
      <Filter>Platform</Filter>
    </ClCompile>
    <ClCompile Include="Effect\EffectFxRenderer.cpp">
      <Filter>Effect</Filter>
    </ClCompile>
    <ClCompile Include="Asset\EffectMeshStore.cpp">
      <Filter>Asset</Filter>
    </ClCompile>
    <ClCompile Include="Render\EffectRenderContext.cpp">
      <Filter>Render</Filter>
    </ClCompile>
    <ClCompile Include="Shader\EffectShaderStore.cpp">
      <Filter>Shader</Filter>
    </ClCompile>
    <ClCompile Include="Effect\EffectStore.cpp">
      <Filter>Effect</Filter>
    </ClCompile>
    <ClCompile Include="Effect\EffectLoaders.cpp">
      <Filter>Effect</Filter>
    </ClCompile>
    <ClCompile Include="Effect\EffectYaml.cpp">
      <Filter>Effect</Filter>
    </ClCompile>
    <ClCompile Include="Asset\BoneAnimCache.cpp">
      <Filter>Asset</Filter>
    </ClCompile>
    <ClCompile Include="Asset\GeomObjCache.cpp">
      <Filter>Asset</Filter>
    </ClCompile>
    <ClCompile Include="Particle\ParticleCtrlStore.cpp">
      <Filter>Particle</Filter>
    </ClCompile>
    <ClCompile Include="Particle\PartCtrlYaml.cpp">
      <Filter>Particle</Filter>
    </ClCompile>
    <ClCompile Include="Particle\ParticleInstancePool.cpp">
      <Filter>Particle</Filter>
    </ClCompile>
    <ClCompile Include="Asset\TobMeshStore.cpp">
      <Filter>Asset</Filter>
    </ClCompile>
    <ClCompile Include="Model\MPCharacter.cpp">
      <Filter>Model</Filter>
    </ClCompile>
    <ClCompile Include="Model\MPSceneItem.cpp">
      <Filter>Model</Filter>
    </ClCompile>
    <ClCompile Include="Model\MPSceneObject.cpp">
      <Filter>Model</Filter>
    </ClCompile>
    <ClCompile Include="Shader\ShaderLoad.cpp">
      <Filter>Shader</Filter>
    </ClCompile>
    <ClCompile Include="Util\MPMath.cpp">
      <Filter>Util</Filter>
    </ClCompile>
    <ClCompile Include="src\MPFont.cpp">
      <Filter>Source Files\Font</Filter>
    </ClCompile>
    <ClCompile Include="Effect\EffectFile.cpp">
      <Filter>Effect</Filter>
    </ClCompile>
    <ClCompile Include="Effect\I_Effect.cpp">
      <Filter>Effect</Filter>
    </ClCompile>
    <ClCompile Include="Util\MPColorValue.cpp">
      <Filter>Util</Filter>
    </ClCompile>
    <ClCompile Include="Util\MPDataStream.cpp">
      <Filter>Util</Filter>
    </ClCompile>
    <ClCompile Include="Effect\MPEffectCtrl.cpp">
      <Filter>Effect</Filter>
    </ClCompile>
    <ClCompile Include="Math\MPEffectMath.cpp">
      <Filter>Math</Filter>
    </ClCompile>
    <ClCompile Include="Math\MPEffQuaternion.cpp">
      <Filter>Math</Filter>
    </ClCompile>
    <ClCompile Include="Math\MPEffVector3.cpp">
      <Filter>Math</Filter>
    </ClCompile>
    <ClCompile Include="Model\MPModelEff.cpp">
      <Filter>Model</Filter>
    </ClCompile>
    <ClCompile Include="Particle\MPParticleCtrl.cpp">
      <Filter>Particle</Filter>
    </ClCompile>
    <ClCompile Include="Particle\MPParticleSys.cpp">
      <Filter>Particle</Filter>
    </ClCompile>
    <ClCompile Include="Resource\MPResManger.cpp">
      <Filter>Resource</Filter>
    </ClCompile>
    <ClCompile Include="Map\MPShadeMap.cpp">
      <Filter>Map</Filter>
    </ClCompile>
    <ClCompile Include="Util\MPStringUtil.cpp">
      <Filter>Util</Filter>
    </ClCompile>
  </ItemGroup>
  <ItemGroup>
    <None Include="Math\lwMath.inl">
      <Filter>Math</Filter>
    </None>
  </ItemGroup>
</Project>